// !$*UTF8*$!
{
	archiveVersion = 1;
	classes = {
	};
	objectVersion = 50;
	objects = {

/* Begin PBXBuildFile section */
		7ABD7BA0237EDF0800408DF4 /* AppDelegate.swift in Sources */ = {isa = PBXBuildFile; fileRef = 7ABD7B9F237EDF0800408DF4 /* AppDelegate.swift */; };
		7ABD7BA2237EDF0800408DF4 /* SceneDelegate.swift in Sources */ = {isa = PBXBuildFile; fileRef = 7ABD7BA1237EDF0800408DF4 /* SceneDelegate.swift */; };
		7ABD7BA4237EDF0800408DF4 /* ViewController.swift in Sources */ = {isa = PBXBuildFile; fileRef = 7ABD7BA3237EDF0800408DF4 /* ViewController.swift */; };
		7ABD7BA7237EDF0800408DF4 /* Main.storyboard in Resources */ = {isa = PBXBuildFile; fileRef = 7ABD7BA5237EDF0800408DF4 /* Main.storyboard */; };
		7ABD7BA9237EDF0A00408DF4 /* Assets.xcassets in Resources */ = {isa = PBXBuildFile; fileRef = 7ABD7BA8237EDF0A00408DF4 /* Assets.xcassets */; };
		7ABD7BAC237EDF0A00408DF4 /* LaunchScreen.storyboard in Resources */ = {isa = PBXBuildFile; fileRef = 7ABD7BAA237EDF0A00408DF4 /* LaunchScreen.storyboard */; };
		7ABD7BB7237EDF0A00408DF4 /* CurrencyDemoTests.swift in Sources */ = {isa = PBXBuildFile; fileRef = 7ABD7BB6237EDF0A00408DF4 /* CurrencyDemoTests.swift */; };
		7ABD7BC3237EDFF200408DF4 /* Amount.swift in Sources */ = {isa = PBXBuildFile; fileRef = 7ABD7BC2237EDFF200408DF4 /* Amount.swift */; };
		7ABD7BC5237EE00B00408DF4 /* CurrencyType.swift in Sources */ = {isa = PBXBuildFile; fileRef = 7ABD7BC4237EE00B00408DF4 /* CurrencyType.swift */; };
		7ABD7BC7237EE2B800408DF4 /* LocaleExtensions.swift in Sources */ = {isa = PBXBuildFile; fileRef = 7ABD7BC6237EE2B800408DF4 /* LocaleExtensions.swift */; };
/* End PBXBuildFile section */

/* Begin PBXContainerItemProxy section */
		7ABD7BB3237EDF0A00408DF4 /* PBXContainerItemProxy */ = {
			isa = PBXContainerItemProxy;
			containerPortal = 7ABD7B94237EDF0800408DF4 /* Project object */;
			proxyType = 1;
			remoteGlobalIDString = 7ABD7B9B237EDF0800408DF4;
			remoteInfo = CurrencyDemo;
		};
/* End PBXContainerItemProxy section */

/* Begin PBXFileReference section */
		7ABD7B9C237EDF0800408DF4 /* CurrencyDemo.app */ = {isa = PBXFileReference; explicitFileType = wrapper.application; includeInIndex = 0; path = CurrencyDemo.app; sourceTree = BUILT_PRODUCTS_DIR; };
		7ABD7B9F237EDF0800408DF4 /* AppDelegate.swift */ = {isa = PBXFileReference; lastKnownFileType = sourcecode.swift; path = AppDelegate.swift; sourceTree = "<group>"; };
		7ABD7BA1237EDF0800408DF4 /* SceneDelegate.swift */ = {isa = PBXFileReference; lastKnownFileType = sourcecode.swift; path = SceneDelegate.swift; sourceTree = "<group>"; };
		7ABD7BA3237EDF0800408DF4 /* ViewController.swift */ = {isa = PBXFileReference; lastKnownFileType = sourcecode.swift; path = ViewController.swift; sourceTree = "<group>"; };
		7ABD7BA6237EDF0800408DF4 /* Base */ = {isa = PBXFileReference; lastKnownFileType = file.storyboard; name = Base; path = Base.lproj/Main.storyboard; sourceTree = "<group>"; };
		7ABD7BA8237EDF0A00408DF4 /* Assets.xcassets */ = {isa = PBXFileReference; lastKnownFileType = folder.assetcatalog; path = Assets.xcassets; sourceTree = "<group>"; };
		7ABD7BAB237EDF0A00408DF4 /* Base */ = {isa = PBXFileReference; lastKnownFileType = file.storyboard; name = Base; path = Base.lproj/LaunchScreen.storyboard; sourceTree = "<group>"; };
		7ABD7BAD237EDF0A00408DF4 /* Info.plist */ = {isa = PBXFileReference; lastKnownFileType = text.plist.xml; path = Info.plist; sourceTree = "<group>"; };
		7ABD7BB2237EDF0A00408DF4 /* CurrencyDemoTests.xctest */ = {isa = PBXFileReference; explicitFileType = wrapper.cfbundle; includeInIndex = 0; path = CurrencyDemoTests.xctest; sourceTree = BUILT_PRODUCTS_DIR; };
		7ABD7BB6237EDF0A00408DF4 /* CurrencyDemoTests.swift */ = {isa = PBXFileReference; lastKnownFileType = sourcecode.swift; path = CurrencyDemoTests.swift; sourceTree = "<group>"; };
		7ABD7BB8237EDF0A00408DF4 /* Info.plist */ = {isa = PBXFileReference; lastKnownFileType = text.plist.xml; path = Info.plist; sourceTree = "<group>"; };
		7ABD7BC2237EDFF200408DF4 /* Amount.swift */ = {isa = PBXFileReference; lastKnownFileType = sourcecode.swift; path = Amount.swift; sourceTree = "<group>"; };
		7ABD7BC4237EE00B00408DF4 /* CurrencyType.swift */ = {isa = PBXFileReference; lastKnownFileType = sourcecode.swift; path = CurrencyType.swift; sourceTree = "<group>"; };
		7ABD7BC6237EE2B800408DF4 /* LocaleExtensions.swift */ = {isa = PBXFileReference; lastKnownFileType = sourcecode.swift; path = LocaleExtensions.swift; sourceTree = "<group>"; };
/* End PBXFileReference section */

/* Begin PBXFrameworksBuildPhase section */
		7ABD7B99237EDF0800408DF4 /* Frameworks */ = {
			isa = PBXFrameworksBuildPhase;
			buildActionMask = 2147483647;
			files = (
			);
			runOnlyForDeploymentPostprocessing = 0;
		};
		7ABD7BAF237EDF0A00408DF4 /* Frameworks */ = {
			isa = PBXFrameworksBuildPhase;
			buildActionMask = 2147483647;
			files = (
			);
			runOnlyForDeploymentPostprocessing = 0;
		};
/* End PBXFrameworksBuildPhase section */

/* Begin PBXGroup section */
		7ABD7B93237EDF0800408DF4 = {
			isa = PBXGroup;
			children = (
				7ABD7B9E237EDF0800408DF4 /* CurrencyDemo */,
				7ABD7BB5237EDF0A00408DF4 /* CurrencyDemoTests */,
				7ABD7B9D237EDF0800408DF4 /* Products */,
			);
			sourceTree = "<group>";
		};
		7ABD7B9D237EDF0800408DF4 /* Products */ = {
			isa = PBXGroup;
			children = (
				7ABD7B9C237EDF0800408DF4 /* CurrencyDemo.app */,
				7ABD7BB2237EDF0A00408DF4 /* CurrencyDemoTests.xctest */,
			);
			name = Products;
			sourceTree = "<group>";
		};
		7ABD7B9E237EDF0800408DF4 /* CurrencyDemo */ = {
			isa = PBXGroup;
			children = (
				7ABD7BC1237EDFBE00408DF4 /* Reusable */,
				7ABD7B9F237EDF0800408DF4 /* AppDelegate.swift */,
				7ABD7BA1237EDF0800408DF4 /* SceneDelegate.swift */,
				7ABD7BA3237EDF0800408DF4 /* ViewController.swift */,
				7ABD7BA5237EDF0800408DF4 /* Main.storyboard */,
				7ABD7BA8237EDF0A00408DF4 /* Assets.xcassets */,
				7ABD7BAA237EDF0A00408DF4 /* LaunchScreen.storyboard */,
				7ABD7BAD237EDF0A00408DF4 /* Info.plist */,
			);
			path = CurrencyDemo;
			sourceTree = "<group>";
		};
		7ABD7BB5237EDF0A00408DF4 /* CurrencyDemoTests */ = {
			isa = PBXGroup;
			children = (
				7ABD7BB6237EDF0A00408DF4 /* CurrencyDemoTests.swift */,
				7ABD7BB8237EDF0A00408DF4 /* Info.plist */,
			);
			path = CurrencyDemoTests;
			sourceTree = "<group>";
		};
		7ABD7BC1237EDFBE00408DF4 /* Reusable */ = {
			isa = PBXGroup;
			children = (
				7ABD7BC4237EE00B00408DF4 /* CurrencyType.swift */,
				7ABD7BC2237EDFF200408DF4 /* Amount.swift */,
				7ABD7BC6237EE2B800408DF4 /* LocaleExtensions.swift */,
			);
			path = Reusable;
			sourceTree = "<group>";
		};
/* End PBXGroup section */

/* Begin PBXNativeTarget section */
		7ABD7B9B237EDF0800408DF4 /* CurrencyDemo */ = {
			isa = PBXNativeTarget;
			buildConfigurationList = 7ABD7BBB237EDF0A00408DF4 /* Build configuration list for PBXNativeTarget "CurrencyDemo" */;
			buildPhases = (
				7ABD7B98237EDF0800408DF4 /* Sources */,
				7ABD7B99237EDF0800408DF4 /* Frameworks */,
				7ABD7B9A237EDF0800408DF4 /* Resources */,
			);
			buildRules = (
			);
			dependencies = (
			);
			name = CurrencyDemo;
			productName = CurrencyDemo;
			productReference = 7ABD7B9C237EDF0800408DF4 /* CurrencyDemo.app */;
			productType = "com.apple.product-type.application";
		};
		7ABD7BB1237EDF0A00408DF4 /* CurrencyDemoTests */ = {
			isa = PBXNativeTarget;
			buildConfigurationList = 7ABD7BBE237EDF0A00408DF4 /* Build configuration list for PBXNativeTarget "CurrencyDemoTests" */;
			buildPhases = (
				7ABD7BAE237EDF0A00408DF4 /* Sources */,
				7ABD7BAF237EDF0A00408DF4 /* Frameworks */,
				7ABD7BB0237EDF0A00408DF4 /* Resources */,
			);
			buildRules = (
			);
			dependencies = (
				7ABD7BB4237EDF0A00408DF4 /* PBXTargetDependency */,
			);
			name = CurrencyDemoTests;
			productName = CurrencyDemoTests;
			productReference = 7ABD7BB2237EDF0A00408DF4 /* CurrencyDemoTests.xctest */;
			productType = "com.apple.product-type.bundle.unit-test";
		};
/* End PBXNativeTarget section */

/* Begin PBXProject section */
		7ABD7B94237EDF0800408DF4 /* Project object */ = {
			isa = PBXProject;
			attributes = {
				LastSwiftUpdateCheck = 1110;
				LastUpgradeCheck = 1110;
				ORGANIZATIONNAME = "Manish Rathi";
				TargetAttributes = {
					7ABD7B9B237EDF0800408DF4 = {
						CreatedOnToolsVersion = 11.1;
					};
					7ABD7BB1237EDF0A00408DF4 = {
						CreatedOnToolsVersion = 11.1;
						TestTargetID = 7ABD7B9B237EDF0800408DF4;
					};
				};
			};
			buildConfigurationList = 7ABD7B97237EDF0800408DF4 /* Build configuration list for PBXProject "CurrencyDemo" */;
			compatibilityVersion = "Xcode 9.3";
			developmentRegion = en;
			hasScannedForEncodings = 0;
			knownRegions = (
				en,
				Base,
			);
			mainGroup = 7ABD7B93237EDF0800408DF4;
			productRefGroup = 7ABD7B9D237EDF0800408DF4 /* Products */;
			projectDirPath = "";
			projectRoot = "";
			targets = (
				7ABD7B9B237EDF0800408DF4 /* CurrencyDemo */,
				7ABD7BB1237EDF0A00408DF4 /* CurrencyDemoTests */,
			);
		};
/* End PBXProject section */

/* Begin PBXResourcesBuildPhase section */
		7ABD7B9A237EDF0800408DF4 /* Resources */ = {
			isa = PBXResourcesBuildPhase;
			buildActionMask = 2147483647;
			files = (
				7ABD7BAC237EDF0A00408DF4 /* LaunchScreen.storyboard in Resources */,
				7ABD7BA9237EDF0A00408DF4 /* Assets.xcassets in Resources */,
				7ABD7BA7237EDF0800408DF4 /* Main.storyboard in Resources */,
			);
			runOnlyForDeploymentPostprocessing = 0;
		};
		7ABD7BB0237EDF0A00408DF4 /* Resources */ = {
			isa = PBXResourcesBuildPhase;
			buildActionMask = 2147483647;
			files = (
			);
			runOnlyForDeploymentPostprocessing = 0;
		};
/* End PBXResourcesBuildPhase section */

/* Begin PBXSourcesBuildPhase section */
		7ABD7B98237EDF0800408DF4 /* Sources */ = {
			isa = PBXSourcesBuildPhase;
			buildActionMask = 2147483647;
			files = (
				7ABD7BC7237EE2B800408DF4 /* LocaleExtensions.swift in Sources */,
				7ABD7BC5237EE00B00408DF4 /* CurrencyType.swift in Sources */,
				7ABD7BA4237EDF0800408DF4 /* ViewController.swift in Sources */,
				7ABD7BA0237EDF0800408DF4 /* AppDelegate.swift in Sources */,
				7ABD7BA2237EDF0800408DF4 /* SceneDelegate.swift in Sources */,
				7ABD7BC3237EDFF200408DF4 /* Amount.swift in Sources */,
			);
			runOnlyForDeploymentPostprocessing = 0;
		};
		7ABD7BAE237EDF0A00408DF4 /* Sources */ = {
			isa = PBXSourcesBuildPhase;
			buildActionMask = 2147483647;
			files = (
				7ABD7BB7237EDF0A00408DF4 /* CurrencyDemoTests.swift in Sources */,
			);
			runOnlyForDeploymentPostprocessing = 0;
		};
/* End PBXSourcesBuildPhase section */

/* Begin PBXTargetDependency section */
		7ABD7BB4237EDF0A00408DF4 /* PBXTargetDependency */ = {
			isa = PBXTargetDependency;
			target = 7ABD7B9B237EDF0800408DF4 /* CurrencyDemo */;
			targetProxy = 7ABD7BB3237EDF0A00408DF4 /* PBXContainerItemProxy */;
		};
/* End PBXTargetDependency section */

/* Begin PBXVariantGroup section */
		7ABD7BA5237EDF0800408DF4 /* Main.storyboard */ = {
			isa = PBXVariantGroup;
			children = (
				7ABD7BA6237EDF0800408DF4 /* Base */,
			);
			name = Main.storyboard;
			sourceTree = "<group>";
		};
		7ABD7BAA237EDF0A00408DF4 /* LaunchScreen.storyboard */ = {
			isa = PBXVariantGroup;
			children = (
				7ABD7BAB237EDF0A00408DF4 /* Base */,
			);
			name = LaunchScreen.storyboard;
			sourceTree = "<group>";
		};
/* End PBXVariantGroup section */

/* Begin XCBuildConfiguration section */
		7ABD7BB9237EDF0A00408DF4 /* Debug */ = {
			isa = XCBuildConfiguration;
			buildSettings = {
				ALWAYS_SEARCH_USER_PATHS = NO;
				CLANG_ANALYZER_NONNULL = YES;
				CLANG_ANALYZER_NUMBER_OBJECT_CONVERSION = YES_AGGRESSIVE;
				CLANG_CXX_LANGUAGE_STANDARD = "gnu++14";
				CLANG_CXX_LIBRARY = "libc++";
				CLANG_ENABLE_MODULES = YES;
				CLANG_ENABLE_OBJC_ARC = YES;
				CLANG_ENABLE_OBJC_WEAK = YES;
				CLANG_WARN_BLOCK_CAPTURE_AUTORELEASING = YES;
				CLANG_WARN_BOOL_CONVERSION = YES;
				CLANG_WARN_COMMA = YES;
				CLANG_WARN_CONSTANT_CONVERSION = YES;
				CLANG_WARN_DEPRECATED_OBJC_IMPLEMENTATIONS = YES;
				CLANG_WARN_DIRECT_OBJC_ISA_USAGE = YES_ERROR;
				CLANG_WARN_DOCUMENTATION_COMMENTS = YES;
				CLANG_WARN_EMPTY_BODY = YES;
				CLANG_WARN_ENUM_CONVERSION = YES;
				CLANG_WARN_INFINITE_RECURSION = YES;
				CLANG_WARN_INT_CONVERSION = YES;
				CLANG_WARN_NON_LITERAL_NULL_CONVERSION = YES;
				CLANG_WARN_OBJC_IMPLICIT_RETAIN_SELF = YES;
				CLANG_WARN_OBJC_LITERAL_CONVERSION = YES;
				CLANG_WARN_OBJC_ROOT_CLASS = YES_ERROR;
				CLANG_WARN_RANGE_LOOP_ANALYSIS = YES;
				CLANG_WARN_STRICT_PROTOTYPES = YES;
				CLANG_WARN_SUSPICIOUS_MOVE = YES;
				CLANG_WARN_UNGUARDED_AVAILABILITY = YES_AGGRESSIVE;
				CLANG_WARN_UNREACHABLE_CODE = YES;
				CLANG_WARN__DUPLICATE_METHOD_MATCH = YES;
				COPY_PHASE_STRIP = NO;
				DEBUG_INFORMATION_FORMAT = dwarf;
				ENABLE_STRICT_OBJC_MSGSEND = YES;
				ENABLE_TESTABILITY = YES;
				GCC_C_LANGUAGE_STANDARD = gnu11;
				GCC_DYNAMIC_NO_PIC = NO;
				GCC_NO_COMMON_BLOCKS = YES;
				GCC_OPTIMIZATION_LEVEL = 0;
				GCC_PREPROCESSOR_DEFINITIONS = (
					"DEBUG=1",
					"$(inherited)",
				);
				GCC_WARN_64_TO_32_BIT_CONVERSION = YES;
				GCC_WARN_ABOUT_RETURN_TYPE = YES_ERROR;
				GCC_WARN_UNDECLARED_SELECTOR = YES;
				GCC_WARN_UNINITIALIZED_AUTOS = YES_AGGRESSIVE;
				GCC_WARN_UNUSED_FUNCTION = YES;
				GCC_WARN_UNUSED_VARIABLE = YES;
				IPHONEOS_DEPLOYMENT_TARGET = 13.1;
				MTL_ENABLE_DEBUG_INFO = INCLUDE_SOURCE;
				MTL_FAST_MATH = YES;
				ONLY_ACTIVE_ARCH = YES;
				SDKROOT = iphoneos;
				SWIFT_ACTIVE_COMPILATION_CONDITIONS = DEBUG;
				SWIFT_OPTIMIZATION_LEVEL = "-Onone";
			};
			name = Debug;
		};
		7ABD7BBA237EDF0A00408DF4 /* Release */ = {
			isa = XCBuildConfiguration;
			buildSettings = {
				ALWAYS_SEARCH_USER_PATHS = NO;
				CLANG_ANALYZER_NONNULL = YES;
				CLANG_ANALYZER_NUMBER_OBJECT_CONVERSION = YES_AGGRESSIVE;
				CLANG_CXX_LANGUAGE_STANDARD = "gnu++14";
				CLANG_CXX_LIBRARY = "libc++";
				CLANG_ENABLE_MODULES = YES;
				CLANG_ENABLE_OBJC_ARC = YES;
				CLANG_ENABLE_OBJC_WEAK = YES;
				CLANG_WARN_BLOCK_CAPTURE_AUTORELEASING = YES;
				CLANG_WARN_BOOL_CONVERSION = YES;
				CLANG_WARN_COMMA = YES;
				CLANG_WARN_CONSTANT_CONVERSION = YES;
				CLANG_WARN_DEPRECATED_OBJC_IMPLEMENTATIONS = YES;
				CLANG_WARN_DIRECT_OBJC_ISA_USAGE = YES_ERROR;
				CLANG_WARN_DOCUMENTATION_COMMENTS = YES;
				CLANG_WARN_EMPTY_BODY = YES;
				CLANG_WARN_ENUM_CONVERSION = YES;
				CLANG_WARN_INFINITE_RECURSION = YES;
				CLANG_WARN_INT_CONVERSION = YES;
				CLANG_WARN_NON_LITERAL_NULL_CONVERSION = YES;
				CLANG_WARN_OBJC_IMPLICIT_RETAIN_SELF = YES;
				CLANG_WARN_OBJC_LITERAL_CONVERSION = YES;
				CLANG_WARN_OBJC_ROOT_CLASS = YES_ERROR;
				CLANG_WARN_RANGE_LOOP_ANALYSIS = YES;
				CLANG_WARN_STRICT_PROTOTYPES = YES;
				CLANG_WARN_SUSPICIOUS_MOVE = YES;
				CLANG_WARN_UNGUARDED_AVAILABILITY = YES_AGGRESSIVE;
				CLANG_WARN_UNREACHABLE_CODE = YES;
				CLANG_WARN__DUPLICATE_METHOD_MATCH = YES;
				COPY_PHASE_STRIP = NO;
				DEBUG_INFORMATION_FORMAT = "dwarf-with-dsym";
				ENABLE_NS_ASSERTIONS = NO;
				ENABLE_STRICT_OBJC_MSGSEND = YES;
				GCC_C_LANGUAGE_STANDARD = gnu11;
				GCC_NO_COMMON_BLOCKS = YES;
				GCC_WARN_64_TO_32_BIT_CONVERSION = YES;
				GCC_WARN_ABOUT_RETURN_TYPE = YES_ERROR;
				GCC_WARN_UNDECLARED_SELECTOR = YES;
				GCC_WARN_UNINITIALIZED_AUTOS = YES_AGGRESSIVE;
				GCC_WARN_UNUSED_FUNCTION = YES;
				GCC_WARN_UNUSED_VARIABLE = YES;
				IPHONEOS_DEPLOYMENT_TARGET = 13.1;
				MTL_ENABLE_DEBUG_INFO = NO;
				MTL_FAST_MATH = YES;
				SDKROOT = iphoneos;
				SWIFT_COMPILATION_MODE = wholemodule;
				SWIFT_OPTIMIZATION_LEVEL = "-O";
				VALIDATE_PRODUCT = YES;
			};
			name = Release;
		};
		7ABD7BBC237EDF0A00408DF4 /* Debug */ = {
			isa = XCBuildConfiguration;
			buildSettings = {
				ASSETCATALOG_COMPILER_APPICON_NAME = AppIcon;
				CODE_SIGN_STYLE = Automatic;
				INFOPLIST_FILE = CurrencyDemo/Info.plist;
				LD_RUNPATH_SEARCH_PATHS = (
					"$(inherited)",
					"@executable_path/Frameworks",
				);
				PRODUCT_BUNDLE_IDENTIFIER = com.manish.CurrencyDemo;
				PRODUCT_NAME = "$(TARGET_NAME)";
				SWIFT_VERSION = 5.0;
				TARGETED_DEVICE_FAMILY = "1,2";
			};
			name = Debug;
		};
		7ABD7BBD237EDF0A00408DF4 /* Release */ = {
			isa = XCBuildConfiguration;
			buildSettings = {
				ASSETCATALOG_COMPILER_APPICON_NAME = AppIcon;
				CODE_SIGN_STYLE = Automatic;
				INFOPLIST_FILE = CurrencyDemo/Info.plist;
				LD_RUNPATH_SEARCH_PATHS = (
					"$(inherited)",
					"@executable_path/Frameworks",
				);
				PRODUCT_BUNDLE_IDENTIFIER = com.manish.CurrencyDemo;
				PRODUCT_NAME = "$(TARGET_NAME)";
				SWIFT_VERSION = 5.0;
				TARGETED_DEVICE_FAMILY = "1,2";
			};
			name = Release;
		};
		7ABD7BBF237EDF0A00408DF4 /* Debug */ = {
			isa = XCBuildConfiguration;
			buildSettings = {
				ALWAYS_EMBED_SWIFT_STANDARD_LIBRARIES = YES;
				BUNDLE_LOADER = "$(TEST_HOST)";
				CODE_SIGN_STYLE = Automatic;
				INFOPLIST_FILE = CurrencyDemoTests/Info.plist;
				IPHONEOS_DEPLOYMENT_TARGET = 13.1;
				LD_RUNPATH_SEARCH_PATHS = (
					"$(inherited)",
					"@executable_path/Frameworks",
					"@loader_path/Frameworks",
				);
				PRODUCT_BUNDLE_IDENTIFIER = com.manish.CurrencyDemoTests;
				PRODUCT_NAME = "$(TARGET_NAME)";
				SWIFT_VERSION = 5.0;
				TARGETED_DEVICE_FAMILY = "1,2";
				TEST_HOST = "$(BUILT_PRODUCTS_DIR)/CurrencyDemo.app/CurrencyDemo";
			};
			name = Debug;
		};
		7ABD7BC0237EDF0A00408DF4 /* Release */ = {
			isa = XCBuildConfiguration;
			buildSettings = {
				ALWAYS_EMBED_SWIFT_STANDARD_LIBRARIES = YES;
				BUNDLE_LOADER = "$(TEST_HOST)";
				CODE_SIGN_STYLE = Automatic;
				INFOPLIST_FILE = CurrencyDemoTests/Info.plist;
				IPHONEOS_DEPLOYMENT_TARGET = 13.1;
				LD_RUNPATH_SEARCH_PATHS = (
					"$(inherited)",
					"@executable_path/Frameworks",
					"@loader_path/Frameworks",
				);
				PRODUCT_BUNDLE_IDENTIFIER = com.manish.CurrencyDemoTests;
				PRODUCT_NAME = "$(TARGET_NAME)";
				SWIFT_VERSION = 5.0;
				TARGETED_DEVICE_FAMILY = "1,2";
				TEST_HOST = "$(BUILT_PRODUCTS_DIR)/CurrencyDemo.app/CurrencyDemo";
			};
			name = Release;
		};
/* End XCBuildConfiguration section */

/* Begin XCConfigurationList section */
		7ABD7B97237EDF0800408DF4 /* Build configuration list for PBXProject "CurrencyDemo" */ = {
			isa = XCConfigurationList;
			buildConfigurations = (
				7ABD7BB9237EDF0A00408DF4 /* Debug */,
				7ABD7BBA237EDF0A00408DF4 /* Release */,
			);
			defaultConfigurationIsVisible = 0;
			defaultConfigurationName = Release;
		};
		7ABD7BBB237EDF0A00408DF4 /* Build configuration list for PBXNativeTarget "CurrencyDemo" */ = {
			isa = XCConfigurationList;
			buildConfigurations = (
				7ABD7BBC237EDF0A00408DF4 /* Debug */,
				7ABD7BBD237EDF0A00408DF4 /* Release */,
			);
			defaultConfigurationIsVisible = 0;
			defaultConfigurationName = Release;
		};
		7ABD7BBE237EDF0A00408DF4 /* Build configuration list for PBXNativeTarget "CurrencyDemoTests" */ = {
			isa = XCConfigurationList;
			buildConfigurations = (
				7ABD7BBF237EDF0A00408DF4 /* Debug */,
				7ABD7BC0237EDF0A00408DF4 /* Release */,
			);
			defaultConfigurationIsVisible = 0;
			defaultConfigurationName = Release;
		};
/* End XCConfigurationList section */
	};
	rootObject = 7ABD7B94237EDF0800408DF4 /* Project object */;
}
